lockfile_version: '1'
generated_at: '2026-07-10T06:11:45.277871+00:00'
apm_version: 0.24.0
dependencies:
- repo_url: dotnet/skills
  name: dotnet
  host: github.com
  resolved_commit: 52ba152ed6e3a80cac59bf4f9827a3ed555292e1
  version: 0.2.0
  virtual_path: plugins/dotnet
  is_virtual: true
  package_type: marketplace_plugin
  deployed_files:
  - .agents/skills/setup-local-sdk
  - .agents/skills/setup-local-sdk/SKILL.md
  deployed_file_hashes:
    .agents/skills/setup-local-sdk/SKILL.md: sha256:6b4904db9ae950da582f85dc2f4cf2adf586776d84ce805a273edb4045f1a74e
  content_hash: sha256:bb4b2b43830ad2db8bb4799827a706f71b7c24b1f3f07a381278b65569ea69fe
- repo_url: dotnet/skills
  name: dotnet-test
  host: github.com
  resolved_commit: 52ba152ed6e3a80cac59bf4f9827a3ed555292e1
  version: 0.2.0
  virtual_path: plugins/dotnet-test
  is_virtual: true
  package_type: marketplace_plugin
  deployed_files:
  - .agents/skills/assertion-quality
  - .agents/skills/assertion-quality/SKILL.md
  - .agents/skills/code-testing-agent
  - .agents/skills/code-testing-agent/SKILL.md
  - .agents/skills/code-testing-agent/unit-test-generation.prompt.md
  - .agents/skills/code-testing-extensions
  - .agents/skills/code-testing-extensions/SKILL.md
  - .agents/skills/code-testing-extensions/extensions/cpp-examples.md
  - .agents/skills/code-testing-extensions/extensions/cpp.md
  - .agents/skills/code-testing-extensions/extensions/dotnet-examples.md
  - .agents/skills/code-testing-extensions/extensions/dotnet.md
  - .agents/skills/code-testing-extensions/extensions/go-examples.md
  - .agents/skills/code-testing-extensions/extensions/go.md
  - .agents/skills/code-testing-extensions/extensions/java-examples.md
  - .agents/skills/code-testing-extensions/extensions/java.md
  - .agents/skills/code-testing-extensions/extensions/kotlin-examples.md
  - .agents/skills/code-testing-extensions/extensions/kotlin.md
  - .agents/skills/code-testing-extensions/extensions/powershell-examples.md
  - .agents/skills/code-testing-extensions/extensions/powershell.md
  - .agents/skills/code-testing-extensions/extensions/python-examples.md
  - .agents/skills/code-testing-extensions/extensions/python.md
  - .agents/skills/code-testing-extensions/extensions/ruby-examples.md
  - .agents/skills/code-testing-extensions/extensions/ruby.md
  - .agents/skills/code-testing-extensions/extensions/rust-examples.md
  - .agents/skills/code-testing-extensions/extensions/rust.md
  - .agents/skills/code-testing-extensions/extensions/swift.md
  - .agents/skills/code-testing-extensions/extensions/typescript-examples.md
  - .agents/skills/code-testing-extensions/extensions/typescript.md
  - .agents/skills/coverage-analysis
  - .agents/skills/coverage-analysis/SKILL.md
  - .agents/skills/coverage-analysis/references/guidelines.md
  - .agents/skills/coverage-analysis/references/output-format.md
  - .agents/skills/coverage-analysis/scripts/Compute-CrapScores.ps1
  - .agents/skills/coverage-analysis/scripts/Extract-MethodCoverage.ps1
  - .agents/skills/crap-score
  - .agents/skills/crap-score/SKILL.md
  - .agents/skills/detect-static-dependencies
  - .agents/skills/detect-static-dependencies/SKILL.md
  - .agents/skills/filter-syntax
  - .agents/skills/filter-syntax/SKILL.md
  - .agents/skills/find-untested-sources
  - .agents/skills/find-untested-sources/SKILL.md
  - .agents/skills/find-untested-sources/scripts/Find-UntestedSources.cs
  - .agents/skills/find-untested-sources/scripts/find_untested_sources.py
  - .agents/skills/generate-testability-wrappers
  - .agents/skills/generate-testability-wrappers/SKILL.md
  - .agents/skills/grade-tests
  - .agents/skills/grade-tests/SKILL.md
  - .agents/skills/migrate-static-to-wrapper
  - .agents/skills/migrate-static-to-wrapper/SKILL.md
  - .agents/skills/mtp-hot-reload
  - .agents/skills/mtp-hot-reload/SKILL.md
  - .agents/skills/platform-detection
  - .agents/skills/platform-detection/SKILL.md
  - .agents/skills/run-tests
  - .agents/skills/run-tests/SKILL.md
  - .agents/skills/test-analysis-extensions
  - .agents/skills/test-analysis-extensions/SKILL.md
  - .agents/skills/test-analysis-extensions/extensions/cpp.md
  - .agents/skills/test-analysis-extensions/extensions/dotnet.md
  - .agents/skills/test-analysis-extensions/extensions/go.md
  - .agents/skills/test-analysis-extensions/extensions/java.md
  - .agents/skills/test-analysis-extensions/extensions/kotlin.md
  - .agents/skills/test-analysis-extensions/extensions/powershell.md
  - .agents/skills/test-analysis-extensions/extensions/python.md
  - .agents/skills/test-analysis-extensions/extensions/ruby.md
  - .agents/skills/test-analysis-extensions/extensions/rust.md
  - .agents/skills/test-analysis-extensions/extensions/swift.md
  - .agents/skills/test-analysis-extensions/extensions/typescript.md
  - .agents/skills/test-anti-patterns
  - .agents/skills/test-anti-patterns/SKILL.md
  - .agents/skills/test-gap-analysis
  - .agents/skills/test-gap-analysis/SKILL.md
  - .agents/skills/test-smell-detection
  - .agents/skills/test-smell-detection/SKILL.md
  - .agents/skills/test-smell-detection/references/test-smell-catalog.md
  - .agents/skills/test-tagging
  - .agents/skills/test-tagging/SKILL.md
  - .agents/skills/writing-mstest-tests
  - .agents/skills/writing-mstest-tests/SKILL.md
  - .github/agents/code-testing-builder.agent.md
  - .github/agents/code-testing-fixer.agent.md
  - .github/agents/code-testing-generator.agent.md
  - .github/agents/code-testing-implementer.agent.md
  - .github/agents/code-testing-linter.agent.md
  - .github/agents/code-testing-planner.agent.md
  - .github/agents/code-testing-researcher.agent.md
  - .github/agents/code-testing-tester.agent.md
  - .github/agents/test-quality-auditor.agent.md
  - .github/agents/testability-migration.agent.md
  deployed_file_hashes:
    .agents/skills/assertion-quality/SKILL.md: sha256:efc92d1cbea09cf01e5e3b723bffa72ff4f6f8be352a2cd89fb502d6d27194e8
    .agents/skills/code-testing-agent/SKILL.md: sha256:975ba31f4330f249e0701ccb05ea0d8c62a003a38f7987856d51e3ff051677a9
    .agents/skills/code-testing-agent/unit-test-generation.prompt.md: sha256:e7b84df89ffec5ca88f9de0f6ee1056c2806c2a567b203fe4e077d212d89fe06
    .agents/skills/code-testing-extensions/SKILL.md: sha256:211d1cdfc77a36bee0f2d2ee9095689899bceebe6adc5bfedcb8b5de5fa7fb47
    .agents/skills/code-testing-extensions/extensions/cpp-examples.md: sha256:68a46d9304efc0120c35eea73d5155dd21ccc84eb5dc8461118fe37289d6c1fc
    .agents/skills/code-testing-extensions/extensions/cpp.md: sha256:9a2d89347ab8c5a02a32ae2feb60d7e9cf0094f7417d129f676c8e0933090f2a
    .agents/skills/code-testing-extensions/extensions/dotnet-examples.md: sha256:034c4683312db43fbd4c6355c2006af054f740015b1483815b74cbfa07d82c11
    .agents/skills/code-testing-extensions/extensions/dotnet.md: sha256:35e4a548d535729a433426c6b0c472ba56c721d43aa85cb156e56d30739c88c9
    .agents/skills/code-testing-extensions/extensions/go-examples.md: sha256:4815e383e0b068e63bcbacc88cc6a6b5ee19823843da973e232e44596335e629
    .agents/skills/code-testing-extensions/extensions/go.md: sha256:4024cdf22cc092cb120406a74c49e58ab5af4802fa446e12416f399df7a94807
    .agents/skills/code-testing-extensions/extensions/java-examples.md: sha256:cdfcc33e33c21d0c1bee85c032f06065edb002e6e24992cd4c29078263645b47
    .agents/skills/code-testing-extensions/extensions/java.md: sha256:25b32c779b49e17dff4cbb44fa3003cd33edba27592a9f1d0ab28c135eb04125
    .agents/skills/code-testing-extensions/extensions/kotlin-examples.md: sha256:a02cae6ec0a133ad12039f4cd616ed3b5cb9e4d34b12a803a98fccb2c603f739
    .agents/skills/code-testing-extensions/extensions/kotlin.md: sha256:7553070dbf0254c1bb91c293ae8ce4313a68450cf1a451975d9f92d5367eb906
    .agents/skills/code-testing-extensions/extensions/powershell-examples.md: sha256:c526ce52c4f7451f37d122a284e55a01dd4db986a6f49c64111b3918ba536725
    .agents/skills/code-testing-extensions/extensions/powershell.md: sha256:90dd9616f65be68c63ce0a3c50a974f6aa53ad0cbeffe379a3c8309252f03715
    .agents/skills/code-testing-extensions/extensions/python-examples.md: sha256:93301c314fc5ea903d42fd6a697d0e0fa9e1469460ff8581f5a787ee6bce5746
    .agents/skills/code-testing-extensions/extensions/python.md: sha256:299b75668830dbe88747bff89355d825d7508f82937a87a3ed8d6953032efa96
    .agents/skills/code-testing-extensions/extensions/ruby-examples.md: sha256:bc9d746417daa759f18cf0767beee969ce72f95cc41f29a0b7f4cc80fdd89563
    .agents/skills/code-testing-extensions/extensions/ruby.md: sha256:9d6cc5ed7ba9269d259c39fa9754cfc93d496b5fd3abcf81bd91833a27268bbe
    .agents/skills/code-testing-extensions/extensions/rust-examples.md: sha256:f8b46a1047ad2a8f06c4d0242d67c033064b7226d39821aa6240b60813ed009f
    .agents/skills/code-testing-extensions/extensions/rust.md: sha256:6228a43826eb47112bee333ba34ebbb692770907da235af20296d8938e96ceea
    .agents/skills/code-testing-extensions/extensions/swift.md: sha256:6765fb1f54ffbe34ecd25099ea5c735bae1c2f8f93bb7ac21d3b1fa0821d2adb
    .agents/skills/code-testing-extensions/extensions/typescript-examples.md: sha256:b2178b3c89a456ef06d9dbb317602b4a266a0fd93300c07647eb4eb9fd3ea0c5
    .agents/skills/code-testing-extensions/extensions/typescript.md: sha256:011f96ef5cfc6d9d334ac1e8d32f322d1b31de9e716e6ec8e0400dd228020d49
    .agents/skills/coverage-analysis/SKILL.md: sha256:9b7714ede78411831bc2a4f6cd0eeddd8f34512206a9cfc57267cc218464c27e
    .agents/skills/coverage-analysis/references/guidelines.md: sha256:8e7bced5e4deb5e11b008f1d6f8ee69bd5f9a2bb743c9ccceb75f54a7f2790f1
    .agents/skills/coverage-analysis/references/output-format.md: sha256:f2328f0250002c25276f51373ab3b935b15b41be09c161db02d3e22316ad78c4
    .agents/skills/coverage-analysis/scripts/Compute-CrapScores.ps1: sha256:5c43c1dedbd464500eab3380cf142176bd288d8652ae0aeba45d7fedf830f526
    .agents/skills/coverage-analysis/scripts/Extract-MethodCoverage.ps1: sha256:37b3c6377dd5f654f2a0b88ceaeb4c77d8798134cbb0c9584532e7b2835f6f5b
    .agents/skills/crap-score/SKILL.md: sha256:0be501bff5042394d5b8388ce3cff8582d429ba83009d81bba5d6799df12ad45
    .agents/skills/detect-static-dependencies/SKILL.md: sha256:eefe4323542ea7c73d9d0ae6a650d095d546881eb3b0a8c56c99a8477f536ed8
    .agents/skills/filter-syntax/SKILL.md: sha256:ab2c30569d6c859e0f340880c7182ab87c4fe108fa65f618815d3ac85aedee52
    .agents/skills/find-untested-sources/SKILL.md: sha256:e34e66819ed7789840572818c93e3d0ce197b49a0589fa8f0dd2d24ed91ccaca
    .agents/skills/find-untested-sources/scripts/Find-UntestedSources.cs: sha256:b6f01c528bcfbeae5f4a88c5953ece8274850c902b90f9a591b4e62ed6161e70
    .agents/skills/find-untested-sources/scripts/find_untested_sources.py: sha256:231dc55cd7558f54d09b292396370cb25f2430501bfb063266c62609ae55715f
    .agents/skills/generate-testability-wrappers/SKILL.md: sha256:f7c2c3b9dc320bbe702e5c91ff9b0aa06a59285be0bc0c38cf4083bd538acabb
    .agents/skills/grade-tests/SKILL.md: sha256:c42c8a98e2995d3487da4e151b58691fed16ac8ed1840c5b39bb2819b1a41516
    .agents/skills/migrate-static-to-wrapper/SKILL.md: sha256:4baf30f8ee7096239b74f29bf33e3868d7a26bc504b2feb58db0dfdb50756bf7
    .agents/skills/mtp-hot-reload/SKILL.md: sha256:2779894f8761a1b465f57b3fd81f13db5fab5516765ef8df246a99df151203a3
    .agents/skills/platform-detection/SKILL.md: sha256:53fbe0c99edcd7c8366293826b2624bcd8ed22af4a4eb4a1529698f5db25e2b7
    .agents/skills/run-tests/SKILL.md: sha256:8863d6094dcaa94de99ce300e78051763f81c0d49e14eb9fa03bb45e26de45bc
    .agents/skills/test-analysis-extensions/SKILL.md: sha256:ec6f69ed00a627c0319a2bbdcfd71fcfab84eaae28900b2f814af3b27e44bd70
    .agents/skills/test-analysis-extensions/extensions/cpp.md: sha256:da2de0bb820edaf523731bf36381d2a7e71009561072204773be548e43911d50
    .agents/skills/test-analysis-extensions/extensions/dotnet.md: sha256:ef257a931a25501697fde8a36e027ba9195ff624ff701dd5fd276d746c0d25be
    .agents/skills/test-analysis-extensions/extensions/go.md: sha256:a885da2e49efbedfe30307c196ec71876433571ce3e5c781e6741ee9a77ab8c3
    .agents/skills/test-analysis-extensions/extensions/java.md: sha256:05f3bd254cad71e2b4ac36a3483e2a8fef41dba0ac6a983925754b60bc50758b
    .agents/skills/test-analysis-extensions/extensions/kotlin.md: sha256:ef1176cc48c807bfb6e57329df6ee093f6e2475cd629980ffc477d85d879605c
    .agents/skills/test-analysis-extensions/extensions/powershell.md: sha256:2dbbac3f475b7f7f4f817597379789af228e034d4c179460403757af26240f9b
    .agents/skills/test-analysis-extensions/extensions/python.md: sha256:e532c6eb1d362e8c0a14b90cb906a84449f0a03330ff432a72d484c79ece0e5d
    .agents/skills/test-analysis-extensions/extensions/ruby.md: sha256:422044981b8672c26f6c47ac9f828aa25f03eac5cc0c9a2354843a6980a297bc
    .agents/skills/test-analysis-extensions/extensions/rust.md: sha256:d92041fc8142311070e9c02a5590ac9d10eef0baa4aa9136e163e2c526871725
    .agents/skills/test-analysis-extensions/extensions/swift.md: sha256:41f4b7c9b8827de0737778ca24de5de26ccd1a3f5ff58d6f58a135fc576c4c52
    .agents/skills/test-analysis-extensions/extensions/typescript.md: sha256:7dd98060c3941ec791f1128ef67d77cad2733ee8381e39f14ccdc19ad48f90ef
    .agents/skills/test-anti-patterns/SKILL.md: sha256:7f2742ee23ca9c91d5c68fdd81e4e6b0bc21aaa4c570b4538454e0899a1b16ec
    .agents/skills/test-gap-analysis/SKILL.md: sha256:3a0a70911a37f680eb7ad7926b65be071cc1657a96900c91e0fa189e02b78b4a
    .agents/skills/test-smell-detection/SKILL.md: sha256:d5597861bb37d83743d2e97a6909139429524cccf37aabd61988f9d5a9840733
    .agents/skills/test-smell-detection/references/test-smell-catalog.md: sha256:001e04c54d73940df65090c6915e87b07aac8cddcc26be139c7d9770dc0a8b99
    .agents/skills/test-tagging/SKILL.md: sha256:874745af561a9b04b67f19adf587cb3b58f60d0e186345f1c799dfa23cf589e0
    .agents/skills/writing-mstest-tests/SKILL.md: sha256:4a77c52d525c824fae1522624b0b0f9af00293d935f9a8b24fe642b1fb1b9e51
    .github/agents/code-testing-builder.agent.md: sha256:1479e69c4397cc5b87b40631c020f3af756b234cd722f2a6607ab4ce59149efe
    .github/agents/code-testing-fixer.agent.md: sha256:f71c748ebea572425af4919217ffa6445c16efcde75dff3edd04b91e3f4de299
    .github/agents/code-testing-generator.agent.md: sha256:8d7c120504b562c0e3cfee5f9451cf54b5171cda47f3c09d04bf9c31be12548d
    .github/agents/code-testing-implementer.agent.md: sha256:8c8b37f993f0e60c087c91c9611a3bddf20c10c24dc839ab5bbfff595513b259
    .github/agents/code-testing-linter.agent.md: sha256:c1f4d8aeeea267f7fd64db4b181376ad160dcfaa90820493a37a92b93dcc4e3a
    .github/agents/code-testing-planner.agent.md: sha256:d4c2fba2efe92c5597a0f125c83dae2f44996ff7739a6692f6cadafc895bfd90
    .github/agents/code-testing-researcher.agent.md: sha256:a5c9c36e70439b87a848e23abc40e7d5bb88996226f2e6f63de966b178452d0b
    .github/agents/code-testing-tester.agent.md: sha256:f5edd8c40c4a605e44f112bf3e68abc9ee6902061e1bde47dc16a5a54c5dc550
    .github/agents/test-quality-auditor.agent.md: sha256:180b6f070f73dd87bbbc233e7c08bb6e8a164a85c3494016ecca025df71ff312
    .github/agents/testability-migration.agent.md: sha256:cad6dd9a0ef2ee4a3062e33c428a8fa42e6442999f1e107b9e3c9a4a228bbfe6
  content_hash: sha256:af35acd3352149c65d1c682ae2a0fb337c2de8cfb5d65d8634769b0c57984d9e
- repo_url: dotnet/skills
  name: dotnet11
  host: github.com
  resolved_commit: 52ba152ed6e3a80cac59bf4f9827a3ed555292e1
  version: 0.1.0
  virtual_path: plugins/dotnet11
  is_virtual: true
  package_type: marketplace_plugin
  deployed_files:
  - .agents/skills/system-text-json-net11
  - .agents/skills/system-text-json-net11/SKILL.md
  deployed_file_hashes:
    .agents/skills/system-text-json-net11/SKILL.md: sha256:bb4aa3443fc7d7de5e4c6c9049f749530c8f915aec0d9bb094efb910f4ed79b6
  content_hash: sha256:28b8f72c45687dfc7908f2ea6ae35acc865bc19dc3cb2df8625cb7109b27f0bc
